# This file is automatically @generated by Cargo.
# It is not intended for manual editing.
version = 4

[[package]]
name = "cs-01-the-command-struct"
version = "0.1.0"

[[package]]
name = "cs03-heap-allocation"
version = "0.1.0"

[[package]]
name = "m04-linked-list"
version = "0.1.0"

[[package]]
name = "project-02"
version = "0.1.0"
